
Microsoft Visual Studio Solution File, Format Version 12.00
# Visual Studio 15
Project("{FAE04EC0-301F-11D3-BF4B-00C04F79EFBC}") = "Assembly-CSharp", "Assembly-CSharp.csproj", "{0CBD69C9-349F-63DB-185D-98BB4F98AB9B}"
EndProject
Project("{FAE04EC0-301F-11D3-BF4B-00C04F79EFBC}") = "NaughtyAttributes.Core", "NaughtyAttributes.Core.csproj", "{D5B8C73F-8B59-246C-DAAD-EFCD34BEC3D3}"
EndProject
Project("{FAE04EC0-301F-11D3-BF4B-00C04F79EFBC}") = "NaughtyAttributes.Test", "NaughtyAttributes.Test.csproj", "{725A09DD-02A2-A3FE-40EB-DF02DEB67F49}"
EndProject
Project("{FAE04EC0-301F-11D3-BF4B-00C04F79EFBC}") = "NaughtyAttributes.Editor", "NaughtyAttributes.Editor.csproj", "{E8BB6029-2101-E6E8-F22C-3232A4025658}"
EndProject
Project("{FAE04EC0-301F-11D3-BF4B-00C04F79EFBC}") = "Assembly-CSharp-firstpass", "Assembly-CSharp-firstpass.csproj", "{49844124-E504-D040-E8B0-BF9387E073CD}"
EndProject
Project("{FAE04EC0-301F-11D3-BF4B-00C04F79EFBC}") = "Assembly-CSharp-Editor", "Assembly-CSharp-Editor.csproj", "{8692887A-66D2-6FE0-61A9-78368C6B850C}"
EndProject
Global
	GlobalSection(SolutionConfigurationPlatforms) = preSolution
		Debug|Any CPU = Debug|Any CPU
		Release|Any CPU = Release|Any CPU
	EndGlobalSection
	GlobalSection(ProjectConfigurationPlatforms) = postSolution
		{0CBD69C9-349F-63DB-185D-98BB4F98AB9B}.Debug|Any CPU.ActiveCfg = Debug|Any CPU
		{0CBD69C9-349F-63DB-185D-98BB4F98AB9B}.Debug|Any CPU.Build.0 = Debug|Any CPU
		{0CBD69C9-349F-63DB-185D-98BB4F98AB9B}.Release|Any CPU.ActiveCfg = Release|Any CPU
		{0CBD69C9-349F-63DB-185D-98BB4F98AB9B}.Release|Any CPU.Build.0 = Release|Any CPU
		{D5B8C73F-8B59-246C-DAAD-EFCD34BEC3D3}.Debug|Any CPU.ActiveCfg = Debug|Any CPU
		{D5B8C73F-8B59-246C-DAAD-EFCD34BEC3D3}.Debug|Any CPU.Build.0 = Debug|Any CPU
		{D5B8C73F-8B59-246C-DAAD-EFCD34BEC3D3}.Release|Any CPU.ActiveCfg = Release|Any CPU
		{D5B8C73F-8B59-246C-DAAD-EFCD34BEC3D3}.Release|Any CPU.Build.0 = Release|Any CPU
		{725A09DD-02A2-A3FE-40EB-DF02DEB67F49}.Debug|Any CPU.ActiveCfg = Debug|Any CPU
		{725A09DD-02A2-A3FE-40EB-DF02DEB67F49}.Debug|Any CPU.Build.0 = Debug|Any CPU
		{725A09DD-02A2-A3FE-40EB-DF02DEB67F49}.Release|Any CPU.ActiveCfg = Release|Any CPU
		{725A09DD-02A2-A3FE-40EB-DF02DEB67F49}.Release|Any CPU.Build.0 = Release|Any CPU
		{E8BB6029-2101-E6E8-F22C-3232A4025658}.Debug|Any CPU.ActiveCfg = Debug|Any CPU
		{E8BB6029-2101-E6E8-F22C-3232A4025658}.Debug|Any CPU.Build.0 = Debug|Any CPU
		{E8BB6029-2101-E6E8-F22C-3232A4025658}.Release|Any CPU.ActiveCfg = Release|Any CPU
		{E8BB6029-2101-E6E8-F22C-3232A4025658}.Release|Any CPU.Build.0 = Release|Any CPU
		{49844124-E504-D040-E8B0-BF9387E073CD}.Debug|Any CPU.ActiveCfg = Debug|Any CPU
		{49844124-E504-D040-E8B0-BF9387E073CD}.Debug|Any CPU.Build.0 = Debug|Any CPU
		{49844124-E504-D040-E8B0-BF9387E073CD}.Release|Any CPU.ActiveCfg = Release|Any CPU
		{49844124-E504-D040-E8B0-BF9387E073CD}.Release|Any CPU.Build.0 = Release|Any CPU
		{8692887A-66D2-6FE0-61A9-78368C6B850C}.Debug|Any CPU.ActiveCfg = Debug|Any CPU
		{8692887A-66D2-6FE0-61A9-78368C6B850C}.Debug|Any CPU.Build.0 = Debug|Any CPU
		{8692887A-66D2-6FE0-61A9-78368C6B850C}.Release|Any CPU.ActiveCfg = Release|Any CPU
		{8692887A-66D2-6FE0-61A9-78368C6B850C}.Release|Any CPU.Build.0 = Release|Any CPU
	EndGlobalSection
	GlobalSection(SolutionProperties) = preSolution
		HideSolutionNode = FALSE
	EndGlobalSection
EndGlobal
